
Microsoft Visual Studio Solution File, Format Version 12.00
# Visual Studio Version 17
Project("{8BC9CEB8-8B4A-11D0-8D11-00A0C91BC942}") = "ALL_BUILD", "ALL_BUILD.vcxproj", "{44913197-5499-3FD0-B888-F1F2DA792DAE}"
	ProjectSection(ProjectDependencies) = postProject
		{182F58EE-87A7-3938-81A3-2E8B3C1E418A} = {182F58EE-87A7-3938-81A3-2E8B3C1E418A}
		{680974FB-246B-3275-9C76-02FD2A60D6A1} = {680974FB-246B-3275-9C76-02FD2A60D6A1}
	EndProjectSection
EndProject
Project("{8BC9CEB8-8B4A-11D0-8D11-00A0C91BC942}") = "Noah_ASI", "Noah_ASI.vcxproj", "{182F58EE-87A7-3938-81A3-2E8B3C1E418A}"
	ProjectSection(ProjectDependencies) = postProject
		{680974FB-246B-3275-9C76-02FD2A60D6A1} = {680974FB-246B-3275-9C76-02FD2A60D6A1}
	EndProjectSection
EndProject
Project("{8BC9CEB8-8B4A-11D0-8D11-00A0C91BC942}") = "ZERO_CHECK", "ZERO_CHECK.vcxproj", "{680974FB-246B-3275-9C76-02FD2A60D6A1}"
	ProjectSection(ProjectDependencies) = postProject
	EndProjectSection
EndProject
Global
	GlobalSection(SolutionConfigurationPlatforms) = preSolution
		Debug|x64 = Debug|x64
		Release|x64 = Release|x64
		MinSizeRel|x64 = MinSizeRel|x64
		RelWithDebInfo|x64 = RelWithDebInfo|x64
	EndGlobalSection
	GlobalSection(ProjectConfigurationPlatforms) = postSolution
		{44913197-5499-3FD0-B888-F1F2DA792DAE}.Debug|x64.ActiveCfg = Debug|x64
		{44913197-5499-3FD0-B888-F1F2DA792DAE}.Release|x64.ActiveCfg = Release|x64
		{44913197-5499-3FD0-B888-F1F2DA792DAE}.MinSizeRel|x64.ActiveCfg = MinSizeRel|x64
		{44913197-5499-3FD0-B888-F1F2DA792DAE}.RelWithDebInfo|x64.ActiveCfg = RelWithDebInfo|x64
		{182F58EE-87A7-3938-81A3-2E8B3C1E418A}.Debug|x64.ActiveCfg = Debug|x64
		{182F58EE-87A7-3938-81A3-2E8B3C1E418A}.Debug|x64.Build.0 = Debug|x64
		{182F58EE-87A7-3938-81A3-2E8B3C1E418A}.Release|x64.ActiveCfg = Release|x64
		{182F58EE-87A7-3938-81A3-2E8B3C1E418A}.Release|x64.Build.0 = Release|x64
		{182F58EE-87A7-3938-81A3-2E8B3C1E418A}.MinSizeRel|x64.ActiveCfg = MinSizeRel|x64
		{182F58EE-87A7-3938-81A3-2E8B3C1E418A}.MinSizeRel|x64.Build.0 = MinSizeRel|x64
		{182F58EE-87A7-3938-81A3-2E8B3C1E418A}.RelWithDebInfo|x64.ActiveCfg = RelWithDebInfo|x64
		{182F58EE-87A7-3938-81A3-2E8B3C1E418A}.RelWithDebInfo|x64.Build.0 = RelWithDebInfo|x64
		{680974FB-246B-3275-9C76-02FD2A60D6A1}.Debug|x64.ActiveCfg = Debug|x64
		{680974FB-246B-3275-9C76-02FD2A60D6A1}.Debug|x64.Build.0 = Debug|x64
		{680974FB-246B-3275-9C76-02FD2A60D6A1}.Release|x64.ActiveCfg = Release|x64
		{680974FB-246B-3275-9C76-02FD2A60D6A1}.Release|x64.Build.0 = Release|x64
		{680974FB-246B-3275-9C76-02FD2A60D6A1}.MinSizeRel|x64.ActiveCfg = MinSizeRel|x64
		{680974FB-246B-3275-9C76-02FD2A60D6A1}.MinSizeRel|x64.Build.0 = MinSizeRel|x64
		{680974FB-246B-3275-9C76-02FD2A60D6A1}.RelWithDebInfo|x64.ActiveCfg = RelWithDebInfo|x64
		{680974FB-246B-3275-9C76-02FD2A60D6A1}.RelWithDebInfo|x64.Build.0 = RelWithDebInfo|x64
	EndGlobalSection
	GlobalSection(ExtensibilityGlobals) = postSolution
		SolutionGuid = {4281A178-B0F3-3413-BF61-500EC8E086D7}
	EndGlobalSection
	GlobalSection(ExtensibilityAddIns) = postSolution
	EndGlobalSection
EndGlobal
